
Microsoft Visual Studio Solution File, Format Version 12.00
# Visual Studio Version 16
VisualStudioVersion = 16.0.31402.337
MinimumVisualStudioVersion = 10.0.40219.1
Project("{9A19103F-16F7-4668-BE54-9A1E7A4F7556}") = "QLSVOFFICIAL.BackendApi1", "QLSVOFFICIAL.WebApp\QLSVOFFICIAL.BackendApi1.csproj", "{5647E340-C99A-42CC-8EE4-98678A64CFB2}"
EndProject
Project("{9A19103F-16F7-4668-BE54-9A1E7A4F7556}") = "QLSVOFFICIAL.Application", "QLSVOFFICIAL.Application\QLSVOFFICIAL.Application.csproj", "{88178B5D-A048-4D6E-9BAA-D4C1F1660A89}"
EndProject
Project("{9A19103F-16F7-4668-BE54-9A1E7A4F7556}") = "QLSVOFFICIAL.Utilities", "QLSVOFFICIAL.Utilities\QLSVOFFICIAL.Utilities.csproj", "{6D897B45-92CF-4449-B903-E3ECEAC6E764}"
EndProject
Project("{9A19103F-16F7-4668-BE54-9A1E7A4F7556}") = "QLSVOFFICIAL.Data", "QLSVOFFICIAL.Data\QLSVOFFICIAL.Data.csproj", "{E98F1E27-9216-4AB5-BD53-A2BA20FCF961}"
EndProject
Project("{9A19103F-16F7-4668-BE54-9A1E7A4F7556}") = "QLSVOFFICIAL.ViewModels", "QLSVOFFICIAL.ViewModels\QLSVOFFICIAL.ViewModels.csproj", "{36EEB83E-313A-4D4D-8FF2-9E7E434DB658}"
EndProject
Project("{2150E333-8FDC-42A3-9474-1A3956D46DE8}") = "1. Infrastructure", "1. Infrastructure", "{C58AD0A0-8909-4E69-937F-665E1F4D645A}"
EndProject
Project("{2150E333-8FDC-42A3-9474-1A3956D46DE8}") = "2. Domain", "2. Domain", "{763CC453-63A2-4AEF-A1B4-7196A2FFB764}"
EndProject
Project("{2150E333-8FDC-42A3-9474-1A3956D46DE8}") = "3. Host", "3. Host", "{431E8085-EC0B-442C-821B-911798C5F151}"
EndProject
Project("{FAE04EC0-301F-11D3-BF4B-00C04F79EFBC}") = "QLSVOFFICIAL.WebApp1", "QLSVOFFICIAL.WebApp1\QLSVOFFICIAL.WebApp1.csproj", "{4BAF6D28-D4C5-4A28-BA5E-7D5E89C61F56}"
EndProject
Global
	GlobalSection(SolutionConfigurationPlatforms) = preSolution
		Debug|Any CPU = Debug|Any CPU
		Release|Any CPU = Release|Any CPU
	EndGlobalSection
	GlobalSection(ProjectConfigurationPlatforms) = postSolution
		{5647E340-C99A-42CC-8EE4-98678A64CFB2}.Debug|Any CPU.ActiveCfg = Debug|Any CPU
		{5647E340-C99A-42CC-8EE4-98678A64CFB2}.Debug|Any CPU.Build.0 = Debug|Any CPU
		{5647E340-C99A-42CC-8EE4-98678A64CFB2}.Release|Any CPU.ActiveCfg = Release|Any CPU
		{5647E340-C99A-42CC-8EE4-98678A64CFB2}.Release|Any CPU.Build.0 = Release|Any CPU
		{88178B5D-A048-4D6E-9BAA-D4C1F1660A89}.Debug|Any CPU.ActiveCfg = Debug|Any CPU
		{88178B5D-A048-4D6E-9BAA-D4C1F1660A89}.Debug|Any CPU.Build.0 = Debug|Any CPU
		{88178B5D-A048-4D6E-9BAA-D4C1F1660A89}.Release|Any CPU.ActiveCfg = Release|Any CPU
		{88178B5D-A048-4D6E-9BAA-D4C1F1660A89}.Release|Any CPU.Build.0 = Release|Any CPU
		{6D897B45-92CF-4449-B903-E3ECEAC6E764}.Debug|Any CPU.ActiveCfg = Debug|Any CPU
		{6D897B45-92CF-4449-B903-E3ECEAC6E764}.Debug|Any CPU.Build.0 = Debug|Any CPU
		{6D897B45-92CF-4449-B903-E3ECEAC6E764}.Release|Any CPU.ActiveCfg = Release|Any CPU
		{6D897B45-92CF-4449-B903-E3ECEAC6E764}.Release|Any CPU.Build.0 = Release|Any CPU
		{E98F1E27-9216-4AB5-BD53-A2BA20FCF961}.Debug|Any CPU.ActiveCfg = Debug|Any CPU
		{E98F1E27-9216-4AB5-BD53-A2BA20FCF961}.Debug|Any CPU.Build.0 = Debug|Any CPU
		{E98F1E27-9216-4AB5-BD53-A2BA20FCF961}.Release|Any CPU.ActiveCfg = Release|Any CPU
		{E98F1E27-9216-4AB5-BD53-A2BA20FCF961}.Release|Any CPU.Build.0 = Release|Any CPU
		{36EEB83E-313A-4D4D-8FF2-9E7E434DB658}.Debug|Any CPU.ActiveCfg = Debug|Any CPU
		{36EEB83E-313A-4D4D-8FF2-9E7E434DB658}.Debug|Any CPU.Build.0 = Debug|Any CPU
		{36EEB83E-313A-4D4D-8FF2-9E7E434DB658}.Release|Any CPU.ActiveCfg = Release|Any CPU
		{36EEB83E-313A-4D4D-8FF2-9E7E434DB658}.Release|Any CPU.Build.0 = Release|Any CPU
		{4BAF6D28-D4C5-4A28-BA5E-7D5E89C61F56}.Debug|Any CPU.ActiveCfg = Debug|Any CPU
		{4BAF6D28-D4C5-4A28-BA5E-7D5E89C61F56}.Debug|Any CPU.Build.0 = Debug|Any CPU
		{4BAF6D28-D4C5-4A28-BA5E-7D5E89C61F56}.Release|Any CPU.ActiveCfg = Release|Any CPU
		{4BAF6D28-D4C5-4A28-BA5E-7D5E89C61F56}.Release|Any CPU.Build.0 = Release|Any CPU
	EndGlobalSection
	GlobalSection(SolutionProperties) = preSolution
		HideSolutionNode = FALSE
	EndGlobalSection
	GlobalSection(NestedProjects) = preSolution
		{5647E340-C99A-42CC-8EE4-98678A64CFB2} = {431E8085-EC0B-442C-821B-911798C5F151}
		{88178B5D-A048-4D6E-9BAA-D4C1F1660A89} = {763CC453-63A2-4AEF-A1B4-7196A2FFB764}
		{6D897B45-92CF-4449-B903-E3ECEAC6E764} = {C58AD0A0-8909-4E69-937F-665E1F4D645A}
		{E98F1E27-9216-4AB5-BD53-A2BA20FCF961} = {763CC453-63A2-4AEF-A1B4-7196A2FFB764}
		{36EEB83E-313A-4D4D-8FF2-9E7E434DB658} = {C58AD0A0-8909-4E69-937F-665E1F4D645A}
		{4BAF6D28-D4C5-4A28-BA5E-7D5E89C61F56} = {431E8085-EC0B-442C-821B-911798C5F151}
	EndGlobalSection
	GlobalSection(ExtensibilityGlobals) = postSolution
		SolutionGuid = {F9D2E130-3D51-41DF-927E-8739F7A6593D}
	EndGlobalSection
EndGlobal
